// !$*UTF8*$!
{
	archiveVersion = 1;
	classes = {
	};
	objectVersion = 46;
	objects = {

/* Begin PBXBuildFile section */
		510E52AD188CC20B00E7F69F /* FeedViewController.m in Sources */ = {isa = PBXBuildFile; fileRef = 510E52AC188CC20B00E7F69F /* FeedViewController.m */; };
		510E52B0188CC39C00E7F69F /* FavoritesViewController.m in Sources */ = {isa = PBXBuildFile; fileRef = 510E52AF188CC39C00E7F69F /* FavoritesViewController.m */; };
		510E52B3188CC44000E7F69F /* ProfileViewController.m in Sources */ = {isa = PBXBuildFile; fileRef = 510E52B2188CC44000E7F69F /* ProfileViewController.m */; };
		510E52B5188CCAB100E7F69F /* avatar_sample.png in Resources */ = {isa = PBXBuildFile; fileRef = 510E52B4188CCAB100E7F69F /* avatar_sample.png */; };
		510E52B7188CCBF900E7F69F /* user4.png in Resources */ = {isa = PBXBuildFile; fileRef = 510E52B6188CCBF900E7F69F /* user4.png */; };
		5121FD63188C4D5700062FB6 /* Foundation.framework in Frameworks */ = {isa = PBXBuildFile; fileRef = 5121FD62188C4D5700062FB6 /* Foundation.framework */; };
		5121FD65188C4D5700062FB6 /* CoreGraphics.framework in Frameworks */ = {isa = PBXBuildFile; fileRef = 5121FD64188C4D5700062FB6 /* CoreGraphics.framework */; };
		5121FD67188C4D5700062FB6 /* UIKit.framework in Frameworks */ = {isa = PBXBuildFile; fileRef = 5121FD66188C4D5700062FB6 /* UIKit.framework */; };
		5121FD6D188C4D5700062FB6 /* InfoPlist.strings in Resources */ = {isa = PBXBuildFile; fileRef = 5121FD6B188C4D5700062FB6 /* InfoPlist.strings */; };
		5121FD6F188C4D5700062FB6 /* main.m in Sources */ = {isa = PBXBuildFile; fileRef = 5121FD6E188C4D5700062FB6 /* main.m */; };
		5121FD73188C4D5700062FB6 /* AppDelegate.m in Sources */ = {isa = PBXBuildFile; fileRef = 5121FD72188C4D5700062FB6 /* AppDelegate.m */; };
		5121FD76188C4D5700062FB6 /* Main_iPhone.storyboard in Resources */ = {isa = PBXBuildFile; fileRef = 5121FD74188C4D5700062FB6 /* Main_iPhone.storyboard */; };
		5121FD79188C4D5700062FB6 /* Main_iPad.storyboard in Resources */ = {isa = PBXBuildFile; fileRef = 5121FD77188C4D5700062FB6 /* Main_iPad.storyboard */; };
		5121FD7C188C4D5700062FB6 /* ViewController.m in Sources */ = {isa = PBXBuildFile; fileRef = 5121FD7B188C4D5700062FB6 /* ViewController.m */; };
		5121FD7E188C4D5800062FB6 /* Images.xcassets in Resources */ = {isa = PBXBuildFile; fileRef = 5121FD7D188C4D5800062FB6 /* Images.xcassets */; };
		5121FD85188C4D5800062FB6 /* XCTest.framework in Frameworks */ = {isa = PBXBuildFile; fileRef = 5121FD84188C4D5800062FB6 /* XCTest.framework */; };
		5121FD86188C4D5800062FB6 /* Foundation.framework in Frameworks */ = {isa = PBXBuildFile; fileRef = 5121FD62188C4D5700062FB6 /* Foundation.framework */; };
		5121FD87188C4D5800062FB6 /* UIKit.framework in Frameworks */ = {isa = PBXBuildFile; fileRef = 5121FD66188C4D5700062FB6 /* UIKit.framework */; };
		5121FD8F188C4D5800062FB6 /* InfoPlist.strings in Resources */ = {isa = PBXBuildFile; fileRef = 5121FD8D188C4D5800062FB6 /* InfoPlist.strings */; };
		5121FD91188C4D5800062FB6 /* InstaPhotoTests.m in Sources */ = {isa = PBXBuildFile; fileRef = 5121FD90188C4D5800062FB6 /* InstaPhotoTests.m */; };
		51F9F73D188D6ACA00529662 /* logo.png in Resources */ = {isa = PBXBuildFile; fileRef = 51F9F73C188D6ACA00529662 /* logo.png */; };
		51FC62EA188CBE7F006120AD /* tab_icon_favorites.png in Resources */ = {isa = PBXBuildFile; fileRef = 51FC62E7188CBE7F006120AD /* tab_icon_favorites.png */; };
		51FC62EB188CBE7F006120AD /* tab_icon_feed.png in Resources */ = {isa = PBXBuildFile; fileRef = 51FC62E8188CBE7F006120AD /* tab_icon_feed.png */; };
		51FC62EC188CBE7F006120AD /* tab_icon_profile.png in Resources */ = {isa = PBXBuildFile; fileRef = 51FC62E9188CBE7F006120AD /* tab_icon_profile.png */; };
/* End PBXBuildFile section */

/* Begin PBXContainerItemProxy section */
		5121FD88188C4D5800062FB6 /* PBXContainerItemProxy */ = {
			isa = PBXContainerItemProxy;
			containerPortal = 5121FD57188C4D5700062FB6 /* Project object */;
			proxyType = 1;
			remoteGlobalIDString = 5121FD5E188C4D5700062FB6;
			remoteInfo = InstaPhoto;
		};
/* End PBXContainerItemProxy section */

/* Begin PBXFileReference section */
		510E52AB188CC20B00E7F69F /* FeedViewController.h */ = {isa = PBXFileReference; fileEncoding = 4; lastKnownFileType = sourcecode.c.h; path = FeedViewController.h; sourceTree = "<group>"; };
		510E52AC188CC20B00E7F69F /* FeedViewController.m */ = {isa = PBXFileReference; fileEncoding = 4; lastKnownFileType = sourcecode.c.objc; path = FeedViewController.m; sourceTree = "<group>"; };
		510E52AE188CC39C00E7F69F /* FavoritesViewController.h */ = {isa = PBXFileReference; fileEncoding = 4; lastKnownFileType = sourcecode.c.h; path = FavoritesViewController.h; sourceTree = "<group>"; };
		510E52AF188CC39C00E7F69F /* FavoritesViewController.m */ = {isa = PBXFileReference; fileEncoding = 4; lastKnownFileType = sourcecode.c.objc; path = FavoritesViewController.m; sourceTree = "<group>"; };
		510E52B1188CC44000E7F69F /* ProfileViewController.h */ = {isa = PBXFileReference; fileEncoding = 4; lastKnownFileType = sourcecode.c.h; path = ProfileViewController.h; sourceTree = "<group>"; };
		510E52B2188CC44000E7F69F /* ProfileViewController.m */ = {isa = PBXFileReference; fileEncoding = 4; lastKnownFileType = sourcecode.c.objc; path = ProfileViewController.m; sourceTree = "<group>"; };
		510E52B4188CCAB100E7F69F /* avatar_sample.png */ = {isa = PBXFileReference; lastKnownFileType = image.png; path = avatar_sample.png; sourceTree = "<group>"; };
		510E52B6188CCBF900E7F69F /* user4.png */ = {isa = PBXFileReference; lastKnownFileType = image.png; path = user4.png; sourceTree = "<group>"; };
		5121FD5F188C4D5700062FB6 /* InstaPhoto.app */ = {isa = PBXFileReference; explicitFileType = wrapper.application; includeInIndex = 0; path = InstaPhoto.app; sourceTree = BUILT_PRODUCTS_DIR; };
		5121FD62188C4D5700062FB6 /* Foundation.framework */ = {isa = PBXFileReference; lastKnownFileType = wrapper.framework; name = Foundation.framework; path = System/Library/Frameworks/Foundation.framework; sourceTree = SDKROOT; };
		5121FD64188C4D5700062FB6 /* CoreGraphics.framework */ = {isa = PBXFileReference; lastKnownFileType = wrapper.framework; name = CoreGraphics.framework; path = System/Library/Frameworks/CoreGraphics.framework; sourceTree = SDKROOT; };
		5121FD66188C4D5700062FB6 /* UIKit.framework */ = {isa = PBXFileReference; lastKnownFileType = wrapper.framework; name = UIKit.framework; path = System/Library/Frameworks/UIKit.framework; sourceTree = SDKROOT; };
		5121FD6A188C4D5700062FB6 /* InstaPhoto-Info.plist */ = {isa = PBXFileReference; lastKnownFileType = text.plist.xml; path = "InstaPhoto-Info.plist"; sourceTree = "<group>"; };
		5121FD6C188C4D5700062FB6 /* en */ = {isa = PBXFileReference; lastKnownFileType = text.plist.strings; name = en; path = en.lproj/InfoPlist.strings; sourceTree = "<group>"; };
		5121FD6E188C4D5700062FB6 /* main.m */ = {isa = PBXFileReference; lastKnownFileType = sourcecode.c.objc; path = main.m; sourceTree = "<group>"; };
		5121FD70188C4D5700062FB6 /* InstaPhoto-Prefix.pch */ = {isa = PBXFileReference; lastKnownFileType = sourcecode.c.h; path = "InstaPhoto-Prefix.pch"; sourceTree = "<group>"; };
		5121FD71188C4D5700062FB6 /* AppDelegate.h */ = {isa = PBXFileReference; lastKnownFileType = sourcecode.c.h; path = AppDelegate.h; sourceTree = "<group>"; };
		5121FD72188C4D5700062FB6 /* AppDelegate.m */ = {isa = PBXFileReference; lastKnownFileType = sourcecode.c.objc; path = AppDelegate.m; sourceTree = "<group>"; };
		5121FD75188C4D5700062FB6 /* Base */ = {isa = PBXFileReference; lastKnownFileType = file.storyboard; name = Base; path = Base.lproj/Main_iPhone.storyboard; sourceTree = "<group>"; };
		5121FD78188C4D5700062FB6 /* Base */ = {isa = PBXFileReference; lastKnownFileType = file.storyboard; name = Base; path = Base.lproj/Main_iPad.storyboard; sourceTree = "<group>"; };
		5121FD7A188C4D5700062FB6 /* ViewController.h */ = {isa = PBXFileReference; lastKnownFileType = sourcecode.c.h; path = ViewController.h; sourceTree = "<group>"; };
		5121FD7B188C4D5700062FB6 /* ViewController.m */ = {isa = PBXFileReference; lastKnownFileType = sourcecode.c.objc; path = ViewController.m; sourceTree = "<group>"; };
		5121FD7D188C4D5800062FB6 /* Images.xcassets */ = {isa = PBXFileReference; lastKnownFileType = folder.assetcatalog; path = Images.xcassets; sourceTree = "<group>"; };
		5121FD83188C4D5800062FB6 /* InstaPhotoTests.xctest */ = {isa = PBXFileReference; explicitFileType = wrapper.cfbundle; includeInIndex = 0; path = InstaPhotoTests.xctest; sourceTree = BUILT_PRODUCTS_DIR; };
		5121FD84188C4D5800062FB6 /* XCTest.framework */ = {isa = PBXFileReference; lastKnownFileType = wrapper.framework; name = XCTest.framework; path = Library/Frameworks/XCTest.framework; sourceTree = DEVELOPER_DIR; };
		5121FD8C188C4D5800062FB6 /* InstaPhotoTests-Info.plist */ = {isa = PBXFileReference; lastKnownFileType = text.plist.xml; path = "InstaPhotoTests-Info.plist"; sourceTree = "<group>"; };
		5121FD8E188C4D5800062FB6 /* en */ = {isa = PBXFileReference; lastKnownFileType = text.plist.strings; name = en; path = en.lproj/InfoPlist.strings; sourceTree = "<group>"; };
		5121FD90188C4D5800062FB6 /* InstaPhotoTests.m */ = {isa = PBXFileReference; lastKnownFileType = sourcecode.c.objc; path = InstaPhotoTests.m; sourceTree = "<group>"; };
		51F9F73C188D6ACA00529662 /* logo.png */ = {isa = PBXFileReference; lastKnownFileType = image.png; path = logo.png; sourceTree = "<group>"; };
		51FC62E7188CBE7F006120AD /* tab_icon_favorites.png */ = {isa = PBXFileReference; lastKnownFileType = image.png; path = tab_icon_favorites.png; sourceTree = "<group>"; };
		51FC62E8188CBE7F006120AD /* tab_icon_feed.png */ = {isa = PBXFileReference; lastKnownFileType = image.png; path = tab_icon_feed.png; sourceTree = "<group>"; };
		51FC62E9188CBE7F006120AD /* tab_icon_profile.png */ = {isa = PBXFileReference; lastKnownFileType = image.png; path = tab_icon_profile.png; sourceTree = "<group>"; };
/* End PBXFileReference section */

/* Begin PBXFrameworksBuildPhase section */
		5121FD5C188C4D5700062FB6 /* Frameworks */ = {
			isa = PBXFrameworksBuildPhase;
			buildActionMask = 2147483647;
			files = (
				5121FD65188C4D5700062FB6 /* CoreGraphics.framework in Frameworks */,
				5121FD67188C4D5700062FB6 /* UIKit.framework in Frameworks */,
				5121FD63188C4D5700062FB6 /* Foundation.framework in Frameworks */,
			);
			runOnlyForDeploymentPostprocessing = 0;
		};
		5121FD80188C4D5800062FB6 /* Frameworks */ = {
			isa = PBXFrameworksBuildPhase;
			buildActionMask = 2147483647;
			files = (
				5121FD85188C4D5800062FB6 /* XCTest.framework in Frameworks */,
				5121FD87188C4D5800062FB6 /* UIKit.framework in Frameworks */,
				5121FD86188C4D5800062FB6 /* Foundation.framework in Frameworks */,
			);
			runOnlyForDeploymentPostprocessing = 0;
		};
/* End PBXFrameworksBuildPhase section */

/* Begin PBXGroup section */
		5121FD56188C4D5700062FB6 = {
			isa = PBXGroup;
			children = (
				5121FD68188C4D5700062FB6 /* InstaPhoto */,
				5121FD8A188C4D5800062FB6 /* InstaPhotoTests */,
				5121FD61188C4D5700062FB6 /* Frameworks */,
				5121FD60188C4D5700062FB6 /* Products */,
			);
			sourceTree = "<group>";
		};
		5121FD60188C4D5700062FB6 /* Products */ = {
			isa = PBXGroup;
			children = (
				5121FD5F188C4D5700062FB6 /* InstaPhoto.app */,
				5121FD83188C4D5800062FB6 /* InstaPhotoTests.xctest */,
			);
			name = Products;
			sourceTree = "<group>";
		};
		5121FD61188C4D5700062FB6 /* Frameworks */ = {
			isa = PBXGroup;
			children = (
				5121FD62188C4D5700062FB6 /* Foundation.framework */,
				5121FD64188C4D5700062FB6 /* CoreGraphics.framework */,
				5121FD66188C4D5700062FB6 /* UIKit.framework */,
				5121FD84188C4D5800062FB6 /* XCTest.framework */,
			);
			name = Frameworks;
			sourceTree = "<group>";
		};
		5121FD68188C4D5700062FB6 /* InstaPhoto */ = {
			isa = PBXGroup;
			children = (
				51F9F73C188D6ACA00529662 /* logo.png */,
				51FC62E7188CBE7F006120AD /* tab_icon_favorites.png */,
				51FC62E8188CBE7F006120AD /* tab_icon_feed.png */,
				51FC62E9188CBE7F006120AD /* tab_icon_profile.png */,
				5121FD71188C4D5700062FB6 /* AppDelegate.h */,
				5121FD72188C4D5700062FB6 /* AppDelegate.m */,
				510E52B6188CCBF900E7F69F /* user4.png */,
				510E52B4188CCAB100E7F69F /* avatar_sample.png */,
				5121FD74188C4D5700062FB6 /* Main_iPhone.storyboard */,
				5121FD77188C4D5700062FB6 /* Main_iPad.storyboard */,
				5121FD7A188C4D5700062FB6 /* ViewController.h */,
				5121FD7B188C4D5700062FB6 /* ViewController.m */,
				5121FD7D188C4D5800062FB6 /* Images.xcassets */,
				5121FD69188C4D5700062FB6 /* Supporting Files */,
				510E52AB188CC20B00E7F69F /* FeedViewController.h */,
				510E52AC188CC20B00E7F69F /* FeedViewController.m */,
				510E52AE188CC39C00E7F69F /* FavoritesViewController.h */,
				510E52AF188CC39C00E7F69F /* FavoritesViewController.m */,
				510E52B1188CC44000E7F69F /* ProfileViewController.h */,
				510E52B2188CC44000E7F69F /* ProfileViewController.m */,
			);
			path = InstaPhoto;
			sourceTree = "<group>";
		};
		5121FD69188C4D5700062FB6 /* Supporting Files */ = {
			isa = PBXGroup;
			children = (
				5121FD6A188C4D5700062FB6 /* InstaPhoto-Info.plist */,
				5121FD6B188C4D5700062FB6 /* InfoPlist.strings */,
				5121FD6E188C4D5700062FB6 /* main.m */,
				5121FD70188C4D5700062FB6 /* InstaPhoto-Prefix.pch */,
			);
			name = "Supporting Files";
			sourceTree = "<group>";
		};
		5121FD8A188C4D5800062FB6 /* InstaPhotoTests */ = {
			isa = PBXGroup;
			children = (
				5121FD90188C4D5800062FB6 /* InstaPhotoTests.m */,
				5121FD8B188C4D5800062FB6 /* Supporting Files */,
			);
			path = InstaPhotoTests;
			sourceTree = "<group>";
		};
		5121FD8B188C4D5800062FB6 /* Supporting Files */ = {
			isa = PBXGroup;
			children = (
				5121FD8C188C4D5800062FB6 /* InstaPhotoTests-Info.plist */,
				5121FD8D188C4D5800062FB6 /* InfoPlist.strings */,
			);
			name = "Supporting Files";
			sourceTree = "<group>";
		};
/* End PBXGroup section */

/* Begin PBXNativeTarget section */
		5121FD5E188C4D5700062FB6 /* InstaPhoto */ = {
			isa = PBXNativeTarget;
			buildConfigurationList = 5121FD94188C4D5800062FB6 /* Build configuration list for PBXNativeTarget "InstaPhoto" */;
			buildPhases = (
				5121FD5B188C4D5700062FB6 /* Sources */,
				5121FD5C188C4D5700062FB6 /* Frameworks */,
				5121FD5D188C4D5700062FB6 /* Resources */,
			);
			buildRules = (
			);
			dependencies = (
			);
			name = InstaPhoto;
			productName = InstaPhoto;
			productReference = 5121FD5F188C4D5700062FB6 /* InstaPhoto.app */;
			productType = "com.apple.product-type.application";
		};
		5121FD82188C4D5800062FB6 /* InstaPhotoTests */ = {
			isa = PBXNativeTarget;
			buildConfigurationList = 5121FD97188C4D5800062FB6 /* Build configuration list for PBXNativeTarget "InstaPhotoTests" */;
			buildPhases = (
				5121FD7F188C4D5800062FB6 /* Sources */,
				5121FD80188C4D5800062FB6 /* Frameworks */,
				5121FD81188C4D5800062FB6 /* Resources */,
			);
			buildRules = (
			);
			dependencies = (
				5121FD89188C4D5800062FB6 /* PBXTargetDependency */,
			);
			name = InstaPhotoTests;
			productName = InstaPhotoTests;
			productReference = 5121FD83188C4D5800062FB6 /* InstaPhotoTests.xctest */;
			productType = "com.apple.product-type.bundle.unit-test";
		};
/* End PBXNativeTarget section */

/* Begin PBXProject section */
		5121FD57188C4D5700062FB6 /* Project object */ = {
			isa = PBXProject;
			attributes = {
				LastUpgradeCheck = 0500;
				ORGANIZATIONNAME = DaniB;
				TargetAttributes = {
					5121FD82188C4D5800062FB6 = {
						TestTargetID = 5121FD5E188C4D5700062FB6;
					};
				};
			};
			buildConfigurationList = 5121FD5A188C4D5700062FB6 /* Build configuration list for PBXProject "InstaPhoto" */;
			compatibilityVersion = "Xcode 3.2";
			developmentRegion = English;
			hasScannedForEncodings = 0;
			knownRegions = (
				en,
				Base,
			);
			mainGroup = 5121FD56188C4D5700062FB6;
			productRefGroup = 5121FD60188C4D5700062FB6 /* Products */;
			projectDirPath = "";
			projectRoot = "";
			targets = (
				5121FD5E188C4D5700062FB6 /* InstaPhoto */,
				5121FD82188C4D5800062FB6 /* InstaPhotoTests */,
			);
		};
/* End PBXProject section */

/* Begin PBXResourcesBuildPhase section */
		5121FD5D188C4D5700062FB6 /* Resources */ = {
			isa = PBXResourcesBuildPhase;
			buildActionMask = 2147483647;
			files = (
				51FC62EC188CBE7F006120AD /* tab_icon_profile.png in Resources */,
				5121FD79188C4D5700062FB6 /* Main_iPad.storyboard in Resources */,
				5121FD7E188C4D5800062FB6 /* Images.xcassets in Resources */,
				51FC62EB188CBE7F006120AD /* tab_icon_feed.png in Resources */,
				510E52B5188CCAB100E7F69F /* avatar_sample.png in Resources */,
				51FC62EA188CBE7F006120AD /* tab_icon_favorites.png in Resources */,
				51F9F73D188D6ACA00529662 /* logo.png in Resources */,
				510E52B7188CCBF900E7F69F /* user4.png in Resources */,
				5121FD76188C4D5700062FB6 /* Main_iPhone.storyboard in Resources */,
				5121FD6D188C4D5700062FB6 /* InfoPlist.strings in Resources */,
			);
			runOnlyForDeploymentPostprocessing = 0;
		};
		5121FD81188C4D5800062FB6 /* Resources */ = {
			isa = PBXResourcesBuildPhase;
			buildActionMask = 2147483647;
			files = (
				5121FD8F188C4D5800062FB6 /* InfoPlist.strings in Resources */,
			);
			runOnlyForDeploymentPostprocessing = 0;
		};
/* End PBXResourcesBuildPhase section */

/* Begin PBXSourcesBuildPhase section */
		5121FD5B188C4D5700062FB6 /* Sources */ = {
			isa = PBXSourcesBuildPhase;
			buildActionMask = 2147483647;
			files = (
				510E52B0188CC39C00E7F69F /* FavoritesViewController.m in Sources */,
				5121FD7C188C4D5700062FB6 /* ViewController.m in Sources */,
				5121FD73188C4D5700062FB6 /* AppDelegate.m in Sources */,
				510E52AD188CC20B00E7F69F /* FeedViewController.m in Sources */,
				510E52B3188CC44000E7F69F /* ProfileViewController.m in Sources */,
				5121FD6F188C4D5700062FB6 /* main.m in Sources */,
			);
			runOnlyForDeploymentPostprocessing = 0;
		};
		5121FD7F188C4D5800062FB6 /* Sources */ = {
			isa = PBXSourcesBuildPhase;
			buildActionMask = 2147483647;
			files = (
				5121FD91188C4D5800062FB6 /* InstaPhotoTests.m in Sources */,
			);
			runOnlyForDeploymentPostprocessing = 0;
		};
/* End PBXSourcesBuildPhase section */

/* Begin PBXTargetDependency section */
		5121FD89188C4D5800062FB6 /* PBXTargetDependency */ = {
			isa = PBXTargetDependency;
			target = 5121FD5E188C4D5700062FB6 /* InstaPhoto */;
			targetProxy = 5121FD88188C4D5800062FB6 /* PBXContainerItemProxy */;
		};
/* End PBXTargetDependency section */

/* Begin PBXVariantGroup section */
		5121FD6B188C4D5700062FB6 /* InfoPlist.strings */ = {
			isa = PBXVariantGroup;
			children = (
				5121FD6C188C4D5700062FB6 /* en */,
			);
			name = InfoPlist.strings;
			sourceTree = "<group>";
		};
		5121FD74188C4D5700062FB6 /* Main_iPhone.storyboard */ = {
			isa = PBXVariantGroup;
			children = (
				5121FD75188C4D5700062FB6 /* Base */,
			);
			name = Main_iPhone.storyboard;
			sourceTree = "<group>";
		};
		5121FD77188C4D5700062FB6 /* Main_iPad.storyboard */ = {
			isa = PBXVariantGroup;
			children = (
				5121FD78188C4D5700062FB6 /* Base */,
			);
			name = Main_iPad.storyboard;
			sourceTree = "<group>";
		};
		5121FD8D188C4D5800062FB6 /* InfoPlist.strings */ = {
			isa = PBXVariantGroup;
			children = (
				5121FD8E188C4D5800062FB6 /* en */,
			);
			name = InfoPlist.strings;
			sourceTree = "<group>";
		};
/* End PBXVariantGroup section */

/* Begin XCBuildConfiguration section */
		5121FD92188C4D5800062FB6 /* Debug */ = {
			isa = XCBuildConfiguration;
			buildSettings = {
				ALWAYS_SEARCH_USER_PATHS = NO;
				ARCHS = "$(ARCHS_STANDARD_INCLUDING_64_BIT)";
				CLANG_CXX_LANGUAGE_STANDARD = "gnu++0x";
				CLANG_CXX_LIBRARY = "libc++";
				CLANG_ENABLE_MODULES = YES;
				CLANG_ENABLE_OBJC_ARC = YES;
				CLANG_WARN_BOOL_CONVERSION = YES;
				CLANG_WARN_CONSTANT_CONVERSION = YES;
				CLANG_WARN_DIRECT_OBJC_ISA_USAGE = YES_ERROR;
				CLANG_WARN_EMPTY_BODY = YES;
				CLANG_WARN_ENUM_CONVERSION = YES;
				CLANG_WARN_INT_CONVERSION = YES;
				CLANG_WARN_OBJC_ROOT_CLASS = YES_ERROR;
				CLANG_WARN__DUPLICATE_METHOD_MATCH = YES;
				"CODE_SIGN_IDENTITY[sdk=iphoneos*]" = "iPhone Developer";
				COPY_PHASE_STRIP = NO;
				GCC_C_LANGUAGE_STANDARD = gnu99;
				GCC_DYNAMIC_NO_PIC = NO;
				GCC_OPTIMIZATION_LEVEL = 0;
				GCC_PREPROCESSOR_DEFINITIONS = (
					"DEBUG=1",
					"$(inherited)",
				);
				GCC_SYMBOLS_PRIVATE_EXTERN = NO;
				GCC_WARN_64_TO_32_BIT_CONVERSION = YES;
				GCC_WARN_ABOUT_RETURN_TYPE = YES_ERROR;
				GCC_WARN_UNDECLARED_SELECTOR = YES;
				GCC_WARN_UNINITIALIZED_AUTOS = YES;
				GCC_WARN_UNUSED_FUNCTION = YES;
				GCC_WARN_UNUSED_VARIABLE = YES;
				IPHONEOS_DEPLOYMENT_TARGET = 7.0;
				ONLY_ACTIVE_ARCH = YES;
				SDKROOT = iphoneos;
				TARGETED_DEVICE_FAMILY = "1,2";
			};
			name = Debug;
		};
		5121FD93188C4D5800062FB6 /* Release */ = {
			isa = XCBuildConfiguration;
			buildSettings = {
				ALWAYS_SEARCH_USER_PATHS = NO;
				ARCHS = "$(ARCHS_STANDARD_INCLUDING_64_BIT)";
				CLANG_CXX_LANGUAGE_STANDARD = "gnu++0x";
				CLANG_CXX_LIBRARY = "libc++";
				CLANG_ENABLE_MODULES = YES;
				CLANG_ENABLE_OBJC_ARC = YES;
				CLANG_WARN_BOOL_CONVERSION = YES;
				CLANG_WARN_CONSTANT_CONVERSION = YES;
				CLANG_WARN_DIRECT_OBJC_ISA_USAGE = YES_ERROR;
				CLANG_WARN_EMPTY_BODY = YES;
				CLANG_WARN_ENUM_CONVERSION = YES;
				CLANG_WARN_INT_CONVERSION = YES;
				CLANG_WARN_OBJC_ROOT_CLASS = YES_ERROR;
				CLANG_WARN__DUPLICATE_METHOD_MATCH = YES;
				"CODE_SIGN_IDENTITY[sdk=iphoneos*]" = "iPhone Developer";
				COPY_PHASE_STRIP = YES;
				ENABLE_NS_ASSERTIONS = NO;
				GCC_C_LANGUAGE_STANDARD = gnu99;
				GCC_WARN_64_TO_32_BIT_CONVERSION = YES;
				GCC_WARN_ABOUT_RETURN_TYPE = YES_ERROR;
				GCC_WARN_UNDECLARED_SELECTOR = YES;
				GCC_WARN_UNINITIALIZED_AUTOS = YES;
				GCC_WARN_UNUSED_FUNCTION = YES;
				GCC_WARN_UNUSED_VARIABLE = YES;
				IPHONEOS_DEPLOYMENT_TARGET = 7.0;
				SDKROOT = iphoneos;
				TARGETED_DEVICE_FAMILY = "1,2";
				VALIDATE_PRODUCT = YES;
			};
			name = Release;
		};
		5121FD95188C4D5800062FB6 /* Debug */ = {
			isa = XCBuildConfiguration;
			buildSettings = {
				ASSETCATALOG_COMPILER_APPICON_NAME = AppIcon;
				ASSETCATALOG_COMPILER_LAUNCHIMAGE_NAME = LaunchImage;
				GCC_PRECOMPILE_PREFIX_HEADER = YES;
				GCC_PREFIX_HEADER = "InstaPhoto/InstaPhoto-Prefix.pch";
				INFOPLIST_FILE = "InstaPhoto/InstaPhoto-Info.plist";
				IPHONEOS_DEPLOYMENT_TARGET = 6.0;
				PRODUCT_NAME = "$(TARGET_NAME)";
				WRAPPER_EXTENSION = app;
			};
			name = Debug;
		};
		5121FD96188C4D5800062FB6 /* Release */ = {
			isa = XCBuildConfiguration;
			buildSettings = {
				ASSETCATALOG_COMPILER_APPICON_NAME = AppIcon;
				ASSETCATALOG_COMPILER_LAUNCHIMAGE_NAME = LaunchImage;
				GCC_PRECOMPILE_PREFIX_HEADER = YES;
				GCC_PREFIX_HEADER = "InstaPhoto/InstaPhoto-Prefix.pch";
				INFOPLIST_FILE = "InstaPhoto/InstaPhoto-Info.plist";
				IPHONEOS_DEPLOYMENT_TARGET = 6.0;
				PRODUCT_NAME = "$(TARGET_NAME)";
				WRAPPER_EXTENSION = app;
			};
			name = Release;
		};
		5121FD98188C4D5800062FB6 /* Debug */ = {
			isa = XCBuildConfiguration;
			buildSettings = {
				ARCHS = "$(ARCHS_STANDARD_INCLUDING_64_BIT)";
				BUNDLE_LOADER = "$(BUILT_PRODUCTS_DIR)/InstaPhoto.app/InstaPhoto";
				FRAMEWORK_SEARCH_PATHS = (
					"$(SDKROOT)/Developer/Library/Frameworks",
					"$(inherited)",
					"$(DEVELOPER_FRAMEWORKS_DIR)",
				);
				GCC_PRECOMPILE_PREFIX_HEADER = YES;
				GCC_PREFIX_HEADER = "InstaPhoto/InstaPhoto-Prefix.pch";
				GCC_PREPROCESSOR_DEFINITIONS = (
					"DEBUG=1",
					"$(inherited)",
				);
				INFOPLIST_FILE = "InstaPhotoTests/InstaPhotoTests-Info.plist";
				PRODUCT_NAME = "$(TARGET_NAME)";
				TEST_HOST = "$(BUNDLE_LOADER)";
				WRAPPER_EXTENSION = xctest;
			};
			name = Debug;
		};
		5121FD99188C4D5800062FB6 /* Release */ = {
			isa = XCBuildConfiguration;
			buildSettings = {
				ARCHS = "$(ARCHS_STANDARD_INCLUDING_64_BIT)";
				BUNDLE_LOADER = "$(BUILT_PRODUCTS_DIR)/InstaPhoto.app/InstaPhoto";
				FRAMEWORK_SEARCH_PATHS = (
					"$(SDKROOT)/Developer/Library/Frameworks",
					"$(inherited)",
					"$(DEVELOPER_FRAMEWORKS_DIR)",
				);
				GCC_PRECOMPILE_PREFIX_HEADER = YES;
				GCC_PREFIX_HEADER = "InstaPhoto/InstaPhoto-Prefix.pch";
				INFOPLIST_FILE = "InstaPhotoTests/InstaPhotoTests-Info.plist";
				PRODUCT_NAME = "$(TARGET_NAME)";
				TEST_HOST = "$(BUNDLE_LOADER)";
				WRAPPER_EXTENSION = xctest;
			};
			name = Release;
		};
/* End XCBuildConfiguration section */

/* Begin XCConfigurationList section */
		5121FD5A188C4D5700062FB6 /* Build configuration list for PBXProject "InstaPhoto" */ = {
			isa = XCConfigurationList;
			buildConfigurations = (
				5121FD92188C4D5800062FB6 /* Debug */,
				5121FD93188C4D5800062FB6 /* Release */,
			);
			defaultConfigurationIsVisible = 0;
			defaultConfigurationName = Release;
		};
		5121FD94188C4D5800062FB6 /* Build configuration list for PBXNativeTarget "InstaPhoto" */ = {
			isa = XCConfigurationList;
			buildConfigurations = (
				5121FD95188C4D5800062FB6 /* Debug */,
				5121FD96188C4D5800062FB6 /* Release */,
			);
			defaultConfigurationIsVisible = 0;
			defaultConfigurationName = Release;
		};
		5121FD97188C4D5800062FB6 /* Build configuration list for PBXNativeTarget "InstaPhotoTests" */ = {
			isa = XCConfigurationList;
			buildConfigurations = (
				5121FD98188C4D5800062FB6 /* Debug */,
				5121FD99188C4D5800062FB6 /* Release */,
			);
			defaultConfigurationIsVisible = 0;
			defaultConfigurationName = Release;
		};
/* End XCConfigurationList section */
	};
	rootObject = 5121FD57188C4D5700062FB6 /* Project object */;
}
